// !$*UTF8*$!
{
	archiveVersion = 1;
	classes = {
	};
	objectVersion = 48;
	objects = {

/* Begin PBXBuildFile section */
		CC4C6FAC20BF4E7600462873 /* AppDelegate.swift in Sources */ = {isa = PBXBuildFile; fileRef = CC4C6FAB20BF4E7600462873 /* AppDelegate.swift */; };
		CC4C6FAE20BF4E7600462873 /* ViewController.swift in Sources */ = {isa = PBXBuildFile; fileRef = CC4C6FAD20BF4E7600462873 /* ViewController.swift */; };
		CC4C6FB120BF4E7600462873 /* Main.storyboard in Resources */ = {isa = PBXBuildFile; fileRef = CC4C6FAF20BF4E7600462873 /* Main.storyboard */; };
		CC4C6FB320BF4E7600462873 /* Assets.xcassets in Resources */ = {isa = PBXBuildFile; fileRef = CC4C6FB220BF4E7600462873 /* Assets.xcassets */; };
		CC4C6FB620BF4E7600462873 /* LaunchScreen.storyboard in Resources */ = {isa = PBXBuildFile; fileRef = CC4C6FB420BF4E7600462873 /* LaunchScreen.storyboard */; };
		CC4C6FC120BF4E7600462873 /* MathsCarteTests.swift in Sources */ = {isa = PBXBuildFile; fileRef = CC4C6FC020BF4E7600462873 /* MathsCarteTests.swift */; };
		CC4C6FCC20BF4E7600462873 /* MathsCarteUITests.swift in Sources */ = {isa = PBXBuildFile; fileRef = CC4C6FCB20BF4E7600462873 /* MathsCarteUITests.swift */; };
		CC4C6FDA20BF504300462873 /* CarteTableTableViewController.swift in Sources */ = {isa = PBXBuildFile; fileRef = CC4C6FD920BF504300462873 /* CarteTableTableViewController.swift */; };
		CC4C6FDC20BF55E800462873 /* SecondViewController.swift in Sources */ = {isa = PBXBuildFile; fileRef = CC4C6FDB20BF55E800462873 /* SecondViewController.swift */; };
/* End PBXBuildFile section */

/* Begin PBXContainerItemProxy section */
		CC4C6FBD20BF4E7600462873 /* PBXContainerItemProxy */ = {
			isa = PBXContainerItemProxy;
			containerPortal = CC4C6FA020BF4E7600462873 /* Project object */;
			proxyType = 1;
			remoteGlobalIDString = CC4C6FA720BF4E7600462873;
			remoteInfo = MathsCarte;
		};
		CC4C6FC820BF4E7600462873 /* PBXContainerItemProxy */ = {
			isa = PBXContainerItemProxy;
			containerPortal = CC4C6FA020BF4E7600462873 /* Project object */;
			proxyType = 1;
			remoteGlobalIDString = CC4C6FA720BF4E7600462873;
			remoteInfo = MathsCarte;
		};
/* End PBXContainerItemProxy section */

/* Begin PBXFileReference section */
		CC4C6FA820BF4E7600462873 /* MathsCarte.app */ = {isa = PBXFileReference; explicitFileType = wrapper.application; includeInIndex = 0; path = MathsCarte.app; sourceTree = BUILT_PRODUCTS_DIR; };
		CC4C6FAB20BF4E7600462873 /* AppDelegate.swift */ = {isa = PBXFileReference; lastKnownFileType = sourcecode.swift; path = AppDelegate.swift; sourceTree = "<group>"; };
		CC4C6FAD20BF4E7600462873 /* ViewController.swift */ = {isa = PBXFileReference; lastKnownFileType = sourcecode.swift; path = ViewController.swift; sourceTree = "<group>"; };
		CC4C6FB020BF4E7600462873 /* Base */ = {isa = PBXFileReference; lastKnownFileType = file.storyboard; name = Base; path = Base.lproj/Main.storyboard; sourceTree = "<group>"; };
		CC4C6FB220BF4E7600462873 /* Assets.xcassets */ = {isa = PBXFileReference; lastKnownFileType = folder.assetcatalog; path = Assets.xcassets; sourceTree = "<group>"; };
		CC4C6FB520BF4E7600462873 /* Base */ = {isa = PBXFileReference; lastKnownFileType = file.storyboard; name = Base; path = Base.lproj/LaunchScreen.storyboard; sourceTree = "<group>"; };
		CC4C6FB720BF4E7600462873 /* Info.plist */ = {isa = PBXFileReference; lastKnownFileType = text.plist.xml; path = Info.plist; sourceTree = "<group>"; };
		CC4C6FBC20BF4E7600462873 /* MathsCarteTests.xctest */ = {isa = PBXFileReference; explicitFileType = wrapper.cfbundle; includeInIndex = 0; path = MathsCarteTests.xctest; sourceTree = BUILT_PRODUCTS_DIR; };
		CC4C6FC020BF4E7600462873 /* MathsCarteTests.swift */ = {isa = PBXFileReference; lastKnownFileType = sourcecode.swift; path = MathsCarteTests.swift; sourceTree = "<group>"; };
		CC4C6FC220BF4E7600462873 /* Info.plist */ = {isa = PBXFileReference; lastKnownFileType = text.plist.xml; path = Info.plist; sourceTree = "<group>"; };
		CC4C6FC720BF4E7600462873 /* MathsCarteUITests.xctest */ = {isa = PBXFileReference; explicitFileType = wrapper.cfbundle; includeInIndex = 0; path = MathsCarteUITests.xctest; sourceTree = BUILT_PRODUCTS_DIR; };
		CC4C6FCB20BF4E7600462873 /* MathsCarteUITests.swift */ = {isa = PBXFileReference; lastKnownFileType = sourcecode.swift; path = MathsCarteUITests.swift; sourceTree = "<group>"; };
		CC4C6FCD20BF4E7600462873 /* Info.plist */ = {isa = PBXFileReference; lastKnownFileType = text.plist.xml; path = Info.plist; sourceTree = "<group>"; };
		CC4C6FD920BF504300462873 /* CarteTableTableViewController.swift */ = {isa = PBXFileReference; lastKnownFileType = sourcecode.swift; path = CarteTableTableViewController.swift; sourceTree = "<group>"; };
		CC4C6FDB20BF55E800462873 /* SecondViewController.swift */ = {isa = PBXFileReference; lastKnownFileType = sourcecode.swift; path = SecondViewController.swift; sourceTree = "<group>"; };
/* End PBXFileReference section */

/* Begin PBXFrameworksBuildPhase section */
		CC4C6FA520BF4E7600462873 /* Frameworks */ = {
			isa = PBXFrameworksBuildPhase;
			buildActionMask = 2147483647;
			files = (
			);
			runOnlyForDeploymentPostprocessing = 0;
		};
		CC4C6FB920BF4E7600462873 /* Frameworks */ = {
			isa = PBXFrameworksBuildPhase;
			buildActionMask = 2147483647;
			files = (
			);
			runOnlyForDeploymentPostprocessing = 0;
		};
		CC4C6FC420BF4E7600462873 /* Frameworks */ = {
			isa = PBXFrameworksBuildPhase;
			buildActionMask = 2147483647;
			files = (
			);
			runOnlyForDeploymentPostprocessing = 0;
		};
/* End PBXFrameworksBuildPhase section */

/* Begin PBXGroup section */
		CC4C6F9F20BF4E7600462873 = {
			isa = PBXGroup;
			children = (
				CC4C6FAA20BF4E7600462873 /* MathsCarte */,
				CC4C6FBF20BF4E7600462873 /* MathsCarteTests */,
				CC4C6FCA20BF4E7600462873 /* MathsCarteUITests */,
				CC4C6FA920BF4E7600462873 /* Products */,
			);
			sourceTree = "<group>";
		};
		CC4C6FA920BF4E7600462873 /* Products */ = {
			isa = PBXGroup;
			children = (
				CC4C6FA820BF4E7600462873 /* MathsCarte.app */,
				CC4C6FBC20BF4E7600462873 /* MathsCarteTests.xctest */,
				CC4C6FC720BF4E7600462873 /* MathsCarteUITests.xctest */,
			);
			name = Products;
			sourceTree = "<group>";
		};
		CC4C6FAA20BF4E7600462873 /* MathsCarte */ = {
			isa = PBXGroup;
			children = (
				CC4C6FAB20BF4E7600462873 /* AppDelegate.swift */,
				CC4C6FAD20BF4E7600462873 /* ViewController.swift */,
				CC4C6FAF20BF4E7600462873 /* Main.storyboard */,
				CC4C6FB220BF4E7600462873 /* Assets.xcassets */,
				CC4C6FB420BF4E7600462873 /* LaunchScreen.storyboard */,
				CC4C6FB720BF4E7600462873 /* Info.plist */,
				CC4C6FD920BF504300462873 /* CarteTableTableViewController.swift */,
				CC4C6FDB20BF55E800462873 /* SecondViewController.swift */,
			);
			path = MathsCarte;
			sourceTree = "<group>";
		};
		CC4C6FBF20BF4E7600462873 /* MathsCarteTests */ = {
			isa = PBXGroup;
			children = (
				CC4C6FC020BF4E7600462873 /* MathsCarteTests.swift */,
				CC4C6FC220BF4E7600462873 /* Info.plist */,
			);
			path = MathsCarteTests;
			sourceTree = "<group>";
		};
		CC4C6FCA20BF4E7600462873 /* MathsCarteUITests */ = {
			isa = PBXGroup;
			children = (
				CC4C6FCB20BF4E7600462873 /* MathsCarteUITests.swift */,
				CC4C6FCD20BF4E7600462873 /* Info.plist */,
			);
			path = MathsCarteUITests;
			sourceTree = "<group>";
		};
/* End PBXGroup section */

/* Begin PBXNativeTarget section */
		CC4C6FA720BF4E7600462873 /* MathsCarte */ = {
			isa = PBXNativeTarget;
			buildConfigurationList = CC4C6FD020BF4E7600462873 /* Build configuration list for PBXNativeTarget "MathsCarte" */;
			buildPhases = (
				CC4C6FA420BF4E7600462873 /* Sources */,
				CC4C6FA520BF4E7600462873 /* Frameworks */,
				CC4C6FA620BF4E7600462873 /* Resources */,
			);
			buildRules = (
			);
			dependencies = (
			);
			name = MathsCarte;
			productName = MathsCarte;
			productReference = CC4C6FA820BF4E7600462873 /* MathsCarte.app */;
			productType = "com.apple.product-type.application";
		};
		CC4C6FBB20BF4E7600462873 /* MathsCarteTests */ = {
			isa = PBXNativeTarget;
			buildConfigurationList = CC4C6FD320BF4E7600462873 /* Build configuration list for PBXNativeTarget "MathsCarteTests" */;
			buildPhases = (
				CC4C6FB820BF4E7600462873 /* Sources */,
				CC4C6FB920BF4E7600462873 /* Frameworks */,
				CC4C6FBA20BF4E7600462873 /* Resources */,
			);
			buildRules = (
			);
			dependencies = (
				CC4C6FBE20BF4E7600462873 /* PBXTargetDependency */,
			);
			name = MathsCarteTests;
			productName = MathsCarteTests;
			productReference = CC4C6FBC20BF4E7600462873 /* MathsCarteTests.xctest */;
			productType = "com.apple.product-type.bundle.unit-test";
		};
		CC4C6FC620BF4E7600462873 /* MathsCarteUITests */ = {
			isa = PBXNativeTarget;
			buildConfigurationList = CC4C6FD620BF4E7600462873 /* Build configuration list for PBXNativeTarget "MathsCarteUITests" */;
			buildPhases = (
				CC4C6FC320BF4E7600462873 /* Sources */,
				CC4C6FC420BF4E7600462873 /* Frameworks */,
				CC4C6FC520BF4E7600462873 /* Resources */,
			);
			buildRules = (
			);
			dependencies = (
				CC4C6FC920BF4E7600462873 /* PBXTargetDependency */,
			);
			name = MathsCarteUITests;
			productName = MathsCarteUITests;
			productReference = CC4C6FC720BF4E7600462873 /* MathsCarteUITests.xctest */;
			productType = "com.apple.product-type.bundle.ui-testing";
		};
/* End PBXNativeTarget section */

/* Begin PBXProject section */
		CC4C6FA020BF4E7600462873 /* Project object */ = {
			isa = PBXProject;
			attributes = {
				LastSwiftUpdateCheck = 0900;
				LastUpgradeCheck = 0900;
				ORGANIZATIONNAME = "Belette Team";
				TargetAttributes = {
					CC4C6FA720BF4E7600462873 = {
						CreatedOnToolsVersion = 9.0.1;
						ProvisioningStyle = Automatic;
					};
					CC4C6FBB20BF4E7600462873 = {
						CreatedOnToolsVersion = 9.0.1;
						ProvisioningStyle = Automatic;
						TestTargetID = CC4C6FA720BF4E7600462873;
					};
					CC4C6FC620BF4E7600462873 = {
						CreatedOnToolsVersion = 9.0.1;
						ProvisioningStyle = Automatic;
						TestTargetID = CC4C6FA720BF4E7600462873;
					};
				};
			};
			buildConfigurationList = CC4C6FA320BF4E7600462873 /* Build configuration list for PBXProject "MathsCarte" */;
			compatibilityVersion = "Xcode 8.0";
			developmentRegion = en;
			hasScannedForEncodings = 0;
			knownRegions = (
				en,
				Base,
			);
			mainGroup = CC4C6F9F20BF4E7600462873;
			productRefGroup = CC4C6FA920BF4E7600462873 /* Products */;
			projectDirPath = "";
			projectRoot = "";
			targets = (
				CC4C6FA720BF4E7600462873 /* MathsCarte */,
				CC4C6FBB20BF4E7600462873 /* MathsCarteTests */,
				CC4C6FC620BF4E7600462873 /* MathsCarteUITests */,
			);
		};
/* End PBXProject section */

/* Begin PBXResourcesBuildPhase section */
		CC4C6FA620BF4E7600462873 /* Resources */ = {
			isa = PBXResourcesBuildPhase;
			buildActionMask = 2147483647;
			files = (
				CC4C6FB620BF4E7600462873 /* LaunchScreen.storyboard in Resources */,
				CC4C6FB320BF4E7600462873 /* Assets.xcassets in Resources */,
				CC4C6FB120BF4E7600462873 /* Main.storyboard in Resources */,
			);
			runOnlyForDeploymentPostprocessing = 0;
		};
		CC4C6FBA20BF4E7600462873 /* Resources */ = {
			isa = PBXResourcesBuildPhase;
			buildActionMask = 2147483647;
			files = (
			);
			runOnlyForDeploymentPostprocessing = 0;
		};
		CC4C6FC520BF4E7600462873 /* Resources */ = {
			isa = PBXResourcesBuildPhase;
			buildActionMask = 2147483647;
			files = (
			);
			runOnlyForDeploymentPostprocessing = 0;
		};
/* End PBXResourcesBuildPhase section */

/* Begin PBXSourcesBuildPhase section */
		CC4C6FA420BF4E7600462873 /* Sources */ = {
			isa = PBXSourcesBuildPhase;
			buildActionMask = 2147483647;
			files = (
				CC4C6FDC20BF55E800462873 /* SecondViewController.swift in Sources */,
				CC4C6FAE20BF4E7600462873 /* ViewController.swift in Sources */,
				CC4C6FDA20BF504300462873 /* CarteTableTableViewController.swift in Sources */,
				CC4C6FAC20BF4E7600462873 /* AppDelegate.swift in Sources */,
			);
			runOnlyForDeploymentPostprocessing = 0;
		};
		CC4C6FB820BF4E7600462873 /* Sources */ = {
			isa = PBXSourcesBuildPhase;
			buildActionMask = 2147483647;
			files = (
				CC4C6FC120BF4E7600462873 /* MathsCarteTests.swift in Sources */,
			);
			runOnlyForDeploymentPostprocessing = 0;
		};
		CC4C6FC320BF4E7600462873 /* Sources */ = {
			isa = PBXSourcesBuildPhase;
			buildActionMask = 2147483647;
			files = (
				CC4C6FCC20BF4E7600462873 /* MathsCarteUITests.swift in Sources */,
			);
			runOnlyForDeploymentPostprocessing = 0;
		};
/* End PBXSourcesBuildPhase section */

/* Begin PBXTargetDependency section */
		CC4C6FBE20BF4E7600462873 /* PBXTargetDependency */ = {
			isa = PBXTargetDependency;
			target = CC4C6FA720BF4E7600462873 /* MathsCarte */;
			targetProxy = CC4C6FBD20BF4E7600462873 /* PBXContainerItemProxy */;
		};
		CC4C6FC920BF4E7600462873 /* PBXTargetDependency */ = {
			isa = PBXTargetDependency;
			target = CC4C6FA720BF4E7600462873 /* MathsCarte */;
			targetProxy = CC4C6FC820BF4E7600462873 /* PBXContainerItemProxy */;
		};
/* End PBXTargetDependency section */

/* Begin PBXVariantGroup section */
		CC4C6FAF20BF4E7600462873 /* Main.storyboard */ = {
			isa = PBXVariantGroup;
			children = (
				CC4C6FB020BF4E7600462873 /* Base */,
			);
			name = Main.storyboard;
			sourceTree = "<group>";
		};
		CC4C6FB420BF4E7600462873 /* LaunchScreen.storyboard */ = {
			isa = PBXVariantGroup;
			children = (
				CC4C6FB520BF4E7600462873 /* Base */,
			);
			name = LaunchScreen.storyboard;
			sourceTree = "<group>";
		};
/* End PBXVariantGroup section */

/* Begin XCBuildConfiguration section */
		CC4C6FCE20BF4E7600462873 /* Debug */ = {
			isa = XCBuildConfiguration;
			buildSettings = {
				ALWAYS_SEARCH_USER_PATHS = NO;
				CLANG_ANALYZER_NONNULL = YES;
				CLANG_ANALYZER_NUMBER_OBJECT_CONVERSION = YES_AGGRESSIVE;
				CLANG_CXX_LANGUAGE_STANDARD = "gnu++14";
				CLANG_CXX_LIBRARY = "libc++";
				CLANG_ENABLE_MODULES = YES;
				CLANG_ENABLE_OBJC_ARC = YES;
				CLANG_WARN_BLOCK_CAPTURE_AUTORELEASING = YES;
				CLANG_WARN_BOOL_CONVERSION = YES;
				CLANG_WARN_COMMA = YES;
				CLANG_WARN_CONSTANT_CONVERSION = YES;
				CLANG_WARN_DIRECT_OBJC_ISA_USAGE = YES_ERROR;
				CLANG_WARN_DOCUMENTATION_COMMENTS = YES;
				CLANG_WARN_EMPTY_BODY = YES;
				CLANG_WARN_ENUM_CONVERSION = YES;
				CLANG_WARN_INFINITE_RECURSION = YES;
				CLANG_WARN_INT_CONVERSION = YES;
				CLANG_WARN_NON_LITERAL_NULL_CONVERSION = YES;
				CLANG_WARN_OBJC_LITERAL_CONVERSION = YES;
				CLANG_WARN_OBJC_ROOT_CLASS = YES_ERROR;
				CLANG_WARN_RANGE_LOOP_ANALYSIS = YES;
				CLANG_WARN_STRICT_PROTOTYPES = YES;
				CLANG_WARN_SUSPICIOUS_MOVE = YES;
				CLANG_WARN_UNGUARDED_AVAILABILITY = YES_AGGRESSIVE;
				CLANG_WARN_UNREACHABLE_CODE = YES;
				CLANG_WARN__DUPLICATE_METHOD_MATCH = YES;
				CODE_SIGN_IDENTITY = "iPhone Developer";
				COPY_PHASE_STRIP = NO;
				DEBUG_INFORMATION_FORMAT = dwarf;
				ENABLE_STRICT_OBJC_MSGSEND = YES;
				ENABLE_TESTABILITY = YES;
				GCC_C_LANGUAGE_STANDARD = gnu11;
				GCC_DYNAMIC_NO_PIC = NO;
				GCC_NO_COMMON_BLOCKS = YES;
				GCC_OPTIMIZATION_LEVEL = 0;
				GCC_PREPROCESSOR_DEFINITIONS = (
					"DEBUG=1",
					"$(inherited)",
				);
				GCC_WARN_64_TO_32_BIT_CONVERSION = YES;
				GCC_WARN_ABOUT_RETURN_TYPE = YES_ERROR;
				GCC_WARN_UNDECLARED_SELECTOR = YES;
				GCC_WARN_UNINITIALIZED_AUTOS = YES_AGGRESSIVE;
				GCC_WARN_UNUSED_FUNCTION = YES;
				GCC_WARN_UNUSED_VARIABLE = YES;
				IPHONEOS_DEPLOYMENT_TARGET = 11.0;
				MTL_ENABLE_DEBUG_INFO = YES;
				ONLY_ACTIVE_ARCH = YES;
				SDKROOT = iphoneos;
				SWIFT_ACTIVE_COMPILATION_CONDITIONS = DEBUG;
				SWIFT_OPTIMIZATION_LEVEL = "-Onone";
			};
			name = Debug;
		};
		CC4C6FCF20BF4E7600462873 /* Release */ = {
			isa = XCBuildConfiguration;
			buildSettings = {
				ALWAYS_SEARCH_USER_PATHS = NO;
				CLANG_ANALYZER_NONNULL = YES;
				CLANG_ANALYZER_NUMBER_OBJECT_CONVERSION = YES_AGGRESSIVE;
				CLANG_CXX_LANGUAGE_STANDARD = "gnu++14";
				CLANG_CXX_LIBRARY = "libc++";
				CLANG_ENABLE_MODULES = YES;
				CLANG_ENABLE_OBJC_ARC = YES;
				CLANG_WARN_BLOCK_CAPTURE_AUTORELEASING = YES;
				CLANG_WARN_BOOL_CONVERSION = YES;
				CLANG_WARN_COMMA = YES;
				CLANG_WARN_CONSTANT_CONVERSION = YES;
				CLANG_WARN_DIRECT_OBJC_ISA_USAGE = YES_ERROR;
				CLANG_WARN_DOCUMENTATION_COMMENTS = YES;
				CLANG_WARN_EMPTY_BODY = YES;
				CLANG_WARN_ENUM_CONVERSION = YES;
				CLANG_WARN_INFINITE_RECURSION = YES;
				CLANG_WARN_INT_CONVERSION = YES;
				CLANG_WARN_NON_LITERAL_NULL_CONVERSION = YES;
				CLANG_WARN_OBJC_LITERAL_CONVERSION = YES;
				CLANG_WARN_OBJC_ROOT_CLASS = YES_ERROR;
				CLANG_WARN_RANGE_LOOP_ANALYSIS = YES;
				CLANG_WARN_STRICT_PROTOTYPES = YES;
				CLANG_WARN_SUSPICIOUS_MOVE = YES;
				CLANG_WARN_UNGUARDED_AVAILABILITY = YES_AGGRESSIVE;
				CLANG_WARN_UNREACHABLE_CODE = YES;
				CLANG_WARN__DUPLICATE_METHOD_MATCH = YES;
				CODE_SIGN_IDENTITY = "iPhone Developer";
				COPY_PHASE_STRIP = NO;
				DEBUG_INFORMATION_FORMAT = "dwarf-with-dsym";
				ENABLE_NS_ASSERTIONS = NO;
				ENABLE_STRICT_OBJC_MSGSEND = YES;
				GCC_C_LANGUAGE_STANDARD = gnu11;
				GCC_NO_COMMON_BLOCKS = YES;
				GCC_WARN_64_TO_32_BIT_CONVERSION = YES;
				GCC_WARN_ABOUT_RETURN_TYPE = YES_ERROR;
				GCC_WARN_UNDECLARED_SELECTOR = YES;
				GCC_WARN_UNINITIALIZED_AUTOS = YES_AGGRESSIVE;
				GCC_WARN_UNUSED_FUNCTION = YES;
				GCC_WARN_UNUSED_VARIABLE = YES;
				IPHONEOS_DEPLOYMENT_TARGET = 11.0;
				MTL_ENABLE_DEBUG_INFO = NO;
				SDKROOT = iphoneos;
				SWIFT_OPTIMIZATION_LEVEL = "-Owholemodule";
				VALIDATE_PRODUCT = YES;
			};
			name = Release;
		};
		CC4C6FD120BF4E7600462873 /* Debug */ = {
			isa = XCBuildConfiguration;
			buildSettings = {
				ASSETCATALOG_COMPILER_APPICON_NAME = AppIcon;
				CODE_SIGN_STYLE = Automatic;
				DEVELOPMENT_TEAM = N2J59NMUA4;
				INFOPLIST_FILE = MathsCarte/Info.plist;
				LD_RUNPATH_SEARCH_PATHS = "$(inherited) @executable_path/Frameworks";
				PRODUCT_BUNDLE_IDENTIFIER = com.beletteTeam.MathsCartes;
				PRODUCT_NAME = "$(TARGET_NAME)";
				SWIFT_VERSION = 4.0;
				TARGETED_DEVICE_FAMILY = "1,2";
			};
			name = Debug;
		};
		CC4C6FD220BF4E7600462873 /* Release */ = {
			isa = XCBuildConfiguration;
			buildSettings = {
				ASSETCATALOG_COMPILER_APPICON_NAME = AppIcon;
				CODE_SIGN_STYLE = Automatic;
				DEVELOPMENT_TEAM = N2J59NMUA4;
				INFOPLIST_FILE = MathsCarte/Info.plist;
				LD_RUNPATH_SEARCH_PATHS = "$(inherited) @executable_path/Frameworks";
				PRODUCT_BUNDLE_IDENTIFIER = com.beletteTeam.MathsCartes;
				PRODUCT_NAME = "$(TARGET_NAME)";
				SWIFT_VERSION = 4.0;
				TARGETED_DEVICE_FAMILY = "1,2";
			};
			name = Release;
		};
		CC4C6FD420BF4E7600462873 /* Debug */ = {
			isa = XCBuildConfiguration;
			buildSettings = {
				ALWAYS_EMBED_SWIFT_STANDARD_LIBRARIES = YES;
				BUNDLE_LOADER = "$(TEST_HOST)";
				CODE_SIGN_STYLE = Automatic;
				DEVELOPMENT_TEAM = N2J59NMUA4;
				INFOPLIST_FILE = MathsCarteTests/Info.plist;
				LD_RUNPATH_SEARCH_PATHS = "$(inherited) @executable_path/Frameworks @loader_path/Frameworks";
				PRODUCT_BUNDLE_IDENTIFIER = com.beletteTeam.MathsCarteTests;
				PRODUCT_NAME = "$(TARGET_NAME)";
				SWIFT_VERSION = 4.0;
				TARGETED_DEVICE_FAMILY = "1,2";
				TEST_HOST = "$(BUILT_PRODUCTS_DIR)/MathsCarte.app/MathsCarte";
			};
			name = Debug;
		};
		CC4C6FD520BF4E7600462873 /* Release */ = {
			isa = XCBuildConfiguration;
			buildSettings = {
				ALWAYS_EMBED_SWIFT_STANDARD_LIBRARIES = YES;
				BUNDLE_LOADER = "$(TEST_HOST)";
				CODE_SIGN_STYLE = Automatic;
				DEVELOPMENT_TEAM = N2J59NMUA4;
				INFOPLIST_FILE = MathsCarteTests/Info.plist;
				LD_RUNPATH_SEARCH_PATHS = "$(inherited) @executable_path/Frameworks @loader_path/Frameworks";
				PRODUCT_BUNDLE_IDENTIFIER = com.beletteTeam.MathsCarteTests;
				PRODUCT_NAME = "$(TARGET_NAME)";
				SWIFT_VERSION = 4.0;
				TARGETED_DEVICE_FAMILY = "1,2";
				TEST_HOST = "$(BUILT_PRODUCTS_DIR)/MathsCarte.app/MathsCarte";
			};
			name = Release;
		};
		CC4C6FD720BF4E7600462873 /* Debug */ = {
			isa = XCBuildConfiguration;
			buildSettings = {
				ALWAYS_EMBED_SWIFT_STANDARD_LIBRARIES = YES;
				CODE_SIGN_STYLE = Automatic;
				DEVELOPMENT_TEAM = N2J59NMUA4;
				INFOPLIST_FILE = MathsCarteUITests/Info.plist;
				LD_RUNPATH_SEARCH_PATHS = "$(inherited) @executable_path/Frameworks @loader_path/Frameworks";
				PRODUCT_BUNDLE_IDENTIFIER = com.beletteTeam.MathsCarteUITests;
				PRODUCT_NAME = "$(TARGET_NAME)";
				SWIFT_VERSION = 4.0;
				TARGETED_DEVICE_FAMILY = "1,2";
				TEST_TARGET_NAME = MathsCarte;
			};
			name = Debug;
		};
		CC4C6FD820BF4E7600462873 /* Release */ = {
			isa = XCBuildConfiguration;
			buildSettings = {
				ALWAYS_EMBED_SWIFT_STANDARD_LIBRARIES = YES;
				CODE_SIGN_STYLE = Automatic;
				DEVELOPMENT_TEAM = N2J59NMUA4;
				INFOPLIST_FILE = MathsCarteUITests/Info.plist;
				LD_RUNPATH_SEARCH_PATHS = "$(inherited) @executable_path/Frameworks @loader_path/Frameworks";
				PRODUCT_BUNDLE_IDENTIFIER = com.beletteTeam.MathsCarteUITests;
				PRODUCT_NAME = "$(TARGET_NAME)";
				SWIFT_VERSION = 4.0;
				TARGETED_DEVICE_FAMILY = "1,2";
				TEST_TARGET_NAME = MathsCarte;
			};
			name = Release;
		};
/* End XCBuildConfiguration section */

/* Begin XCConfigurationList section */
		CC4C6FA320BF4E7600462873 /* Build configuration list for PBXProject "MathsCarte" */ = {
			isa = XCConfigurationList;
			buildConfigurations = (
				CC4C6FCE20BF4E7600462873 /* Debug */,
				CC4C6FCF20BF4E7600462873 /* Release */,
			);
			defaultConfigurationIsVisible = 0;
			defaultConfigurationName = Release;
		};
		CC4C6FD020BF4E7600462873 /* Build configuration list for PBXNativeTarget "MathsCarte" */ = {
			isa = XCConfigurationList;
			buildConfigurations = (
				CC4C6FD120BF4E7600462873 /* Debug */,
				CC4C6FD220BF4E7600462873 /* Release */,
			);
			defaultConfigurationIsVisible = 0;
			defaultConfigurationName = Release;
		};
		CC4C6FD320BF4E7600462873 /* Build configuration list for PBXNativeTarget "MathsCarteTests" */ = {
			isa = XCConfigurationList;
			buildConfigurations = (
				CC4C6FD420BF4E7600462873 /* Debug */,
				CC4C6FD520BF4E7600462873 /* Release */,
			);
			defaultConfigurationIsVisible = 0;
			defaultConfigurationName = Release;
		};
		CC4C6FD620BF4E7600462873 /* Build configuration list for PBXNativeTarget "MathsCarteUITests" */ = {
			isa = XCConfigurationList;
			buildConfigurations = (
				CC4C6FD720BF4E7600462873 /* Debug */,
				CC4C6FD820BF4E7600462873 /* Release */,
			);
			defaultConfigurationIsVisible = 0;
			defaultConfigurationName = Release;
		};
/* End XCConfigurationList section */
	};
	rootObject = CC4C6FA020BF4E7600462873 /* Project object */;
}
